
Microsoft Visual Studio Solution File, Format Version 12.00
# Visual Studio Version 17
VisualStudioVersion = 17.3.32811.315
MinimumVisualStudioVersion = 10.0.40219.1
Project("{8BC9CEB8-8B4A-11D0-8D11-00A0C91BC942}") = "Modelviewer", "Modelviewer\Modelviewer.vcxproj", "{BC0EE161-ACEE-429C-9E4D-8DCE73A697BB}"
	ProjectSection(ProjectDependencies) = postProject
		{ECE0CEB4-51CC-45EC-8A9C-B93B1FACE902} = {ECE0CEB4-51CC-45EC-8A9C-B93B1FACE902}
	EndProjectSection
EndProject
Project("{8BC9CEB8-8B4A-11D0-8D11-00A0C91BC942}") = "GraphicsEngine", "GraphicsEngine\GraphicsEngine.vcxproj", "{4A14B5D4-9D37-4A37-9D3B-D7B2BAC7B312}"
	ProjectSection(ProjectDependencies) = postProject
		{3ABEDA3C-A4F2-4454-A958-8EED4122BF13} = {3ABEDA3C-A4F2-4454-A958-8EED4122BF13}
	EndProjectSection
EndProject
Project("{8BC9CEB8-8B4A-11D0-8D11-00A0C91BC942}") = "Logging", "Logging\Logging.vcxproj", "{B4A6C56F-A9EE-4B80-A31D-3DB075F0854B}"
EndProject
Project("{2150E333-8FDC-42A3-9474-1A3956D46DE8}") = "Utilities", "Utilities", "{96475121-1117-42C3-8B1E-8A42DD6C80DE}"
EndProject
Project("{2150E333-8FDC-42A3-9474-1A3956D46DE8}") = "MyDependencies", "MyDependencies", "{2D4972E0-2997-433C-94A8-FC0F50833957}"
EndProject
Project("{8BC9CEB8-8B4A-11D0-8D11-00A0C91BC942}") = "AssetManager", "AssetManager\AssetManager.vcxproj", "{441FCCCA-D04F-410A-976F-3D76D32B8A6C}"
EndProject
Project("{8BC9CEB8-8B4A-11D0-8D11-00A0C91BC942}") = "CommonUtilities", "CommonUtilities\CommonUtilities.vcxproj", "{3ABEDA3C-A4F2-4454-A958-8EED4122BF13}"
EndProject
Project("{8BC9CEB8-8B4A-11D0-8D11-00A0C91BC942}") = "Imgui", "Imgui\Imgui.vcxproj", "{ECE0CEB4-51CC-45EC-8A9C-B93B1FACE902}"
EndProject
Global
	GlobalSection(SolutionConfigurationPlatforms) = preSolution
		Debug|x64 = Debug|x64
		Debug|x86 = Debug|x86
		Release|x64 = Release|x64
		Release|x86 = Release|x86
	EndGlobalSection
	GlobalSection(ProjectConfigurationPlatforms) = postSolution
		{BC0EE161-ACEE-429C-9E4D-8DCE73A697BB}.Debug|x64.ActiveCfg = Debug|x64
		{BC0EE161-ACEE-429C-9E4D-8DCE73A697BB}.Debug|x64.Build.0 = Debug|x64
		{BC0EE161-ACEE-429C-9E4D-8DCE73A697BB}.Debug|x86.ActiveCfg = Debug|Win32
		{BC0EE161-ACEE-429C-9E4D-8DCE73A697BB}.Debug|x86.Build.0 = Debug|Win32
		{BC0EE161-ACEE-429C-9E4D-8DCE73A697BB}.Release|x64.ActiveCfg = Release|x64
		{BC0EE161-ACEE-429C-9E4D-8DCE73A697BB}.Release|x64.Build.0 = Release|x64
		{BC0EE161-ACEE-429C-9E4D-8DCE73A697BB}.Release|x86.ActiveCfg = Release|Win32
		{BC0EE161-ACEE-429C-9E4D-8DCE73A697BB}.Release|x86.Build.0 = Release|Win32
		{4A14B5D4-9D37-4A37-9D3B-D7B2BAC7B312}.Debug|x64.ActiveCfg = Debug|x64
		{4A14B5D4-9D37-4A37-9D3B-D7B2BAC7B312}.Debug|x64.Build.0 = Debug|x64
		{4A14B5D4-9D37-4A37-9D3B-D7B2BAC7B312}.Debug|x86.ActiveCfg = Debug|Win32
		{4A14B5D4-9D37-4A37-9D3B-D7B2BAC7B312}.Debug|x86.Build.0 = Debug|Win32
		{4A14B5D4-9D37-4A37-9D3B-D7B2BAC7B312}.Release|x64.ActiveCfg = Release|x64
		{4A14B5D4-9D37-4A37-9D3B-D7B2BAC7B312}.Release|x64.Build.0 = Release|x64
		{4A14B5D4-9D37-4A37-9D3B-D7B2BAC7B312}.Release|x86.ActiveCfg = Release|Win32
		{4A14B5D4-9D37-4A37-9D3B-D7B2BAC7B312}.Release|x86.Build.0 = Release|Win32
		{B4A6C56F-A9EE-4B80-A31D-3DB075F0854B}.Debug|x64.ActiveCfg = Debug|x64
		{B4A6C56F-A9EE-4B80-A31D-3DB075F0854B}.Debug|x64.Build.0 = Debug|x64
		{B4A6C56F-A9EE-4B80-A31D-3DB075F0854B}.Debug|x86.ActiveCfg = Debug|Win32
		{B4A6C56F-A9EE-4B80-A31D-3DB075F0854B}.Debug|x86.Build.0 = Debug|Win32
		{B4A6C56F-A9EE-4B80-A31D-3DB075F0854B}.Release|x64.ActiveCfg = Release|x64
		{B4A6C56F-A9EE-4B80-A31D-3DB075F0854B}.Release|x64.Build.0 = Release|x64
		{B4A6C56F-A9EE-4B80-A31D-3DB075F0854B}.Release|x86.ActiveCfg = Release|Win32
		{B4A6C56F-A9EE-4B80-A31D-3DB075F0854B}.Release|x86.Build.0 = Release|Win32
		{441FCCCA-D04F-410A-976F-3D76D32B8A6C}.Debug|x64.ActiveCfg = Debug|x64
		{441FCCCA-D04F-410A-976F-3D76D32B8A6C}.Debug|x64.Build.0 = Debug|x64
		{441FCCCA-D04F-410A-976F-3D76D32B8A6C}.Debug|x86.ActiveCfg = Debug|Win32
		{441FCCCA-D04F-410A-976F-3D76D32B8A6C}.Debug|x86.Build.0 = Debug|Win32
		{441FCCCA-D04F-410A-976F-3D76D32B8A6C}.Release|x64.ActiveCfg = Release|x64
		{441FCCCA-D04F-410A-976F-3D76D32B8A6C}.Release|x64.Build.0 = Release|x64
		{441FCCCA-D04F-410A-976F-3D76D32B8A6C}.Release|x86.ActiveCfg = Release|Win32
		{441FCCCA-D04F-410A-976F-3D76D32B8A6C}.Release|x86.Build.0 = Release|Win32
		{3ABEDA3C-A4F2-4454-A958-8EED4122BF13}.Debug|x64.ActiveCfg = Debug|x64
		{3ABEDA3C-A4F2-4454-A958-8EED4122BF13}.Debug|x64.Build.0 = Debug|x64
		{3ABEDA3C-A4F2-4454-A958-8EED4122BF13}.Debug|x86.ActiveCfg = Debug|Win32
		{3ABEDA3C-A4F2-4454-A958-8EED4122BF13}.Debug|x86.Build.0 = Debug|Win32
		{3ABEDA3C-A4F2-4454-A958-8EED4122BF13}.Release|x64.ActiveCfg = Release|x64
		{3ABEDA3C-A4F2-4454-A958-8EED4122BF13}.Release|x64.Build.0 = Release|x64
		{3ABEDA3C-A4F2-4454-A958-8EED4122BF13}.Release|x86.ActiveCfg = Release|Win32
		{3ABEDA3C-A4F2-4454-A958-8EED4122BF13}.Release|x86.Build.0 = Release|Win32
		{ECE0CEB4-51CC-45EC-8A9C-B93B1FACE902}.Debug|x64.ActiveCfg = Debug|x64
		{ECE0CEB4-51CC-45EC-8A9C-B93B1FACE902}.Debug|x64.Build.0 = Debug|x64
		{ECE0CEB4-51CC-45EC-8A9C-B93B1FACE902}.Debug|x86.ActiveCfg = Debug|Win32
		{ECE0CEB4-51CC-45EC-8A9C-B93B1FACE902}.Debug|x86.Build.0 = Debug|Win32
		{ECE0CEB4-51CC-45EC-8A9C-B93B1FACE902}.Release|x64.ActiveCfg = Release|x64
		{ECE0CEB4-51CC-45EC-8A9C-B93B1FACE902}.Release|x64.Build.0 = Release|x64
		{ECE0CEB4-51CC-45EC-8A9C-B93B1FACE902}.Release|x86.ActiveCfg = Release|Win32
		{ECE0CEB4-51CC-45EC-8A9C-B93B1FACE902}.Release|x86.Build.0 = Release|Win32
	EndGlobalSection
	GlobalSection(SolutionProperties) = preSolution
		HideSolutionNode = FALSE
	EndGlobalSection
	GlobalSection(NestedProjects) = preSolution
		{B4A6C56F-A9EE-4B80-A31D-3DB075F0854B} = {96475121-1117-42C3-8B1E-8A42DD6C80DE}
		{ECE0CEB4-51CC-45EC-8A9C-B93B1FACE902} = {96475121-1117-42C3-8B1E-8A42DD6C80DE}
	EndGlobalSection
	GlobalSection(ExtensibilityGlobals) = postSolution
		SolutionGuid = {6291F018-61C1-4285-ACFA-72300622B6CB}
	EndGlobalSection
EndGlobal
