<?xml version="1.0" encoding="utf-8"?>
<Project ToolsVersion="4.0" xmlns="http://schemas.microsoft.com/developer/msbuild/2003">
  <ItemGroup>
    <Filter Include="Source Files">
      <UniqueIdentifier>{4FC737F1-C7A5-4376-A066-2A32D752A2FF}</UniqueIdentifier>
      <Extensions>cpp;c;cc;cxx;c++;cppm;ixx;def;odl;idl;hpj;bat;asm;asmx</Extensions>
    </Filter>
    <Filter Include="Header Files">
      <UniqueIdentifier>{93995380-89BD-4b04-88EB-625FBE52EBFB}</UniqueIdentifier>
      <Extensions>h;hh;hpp;hxx;h++;hm;inl;inc;ipp;xsd</Extensions>
    </Filter>
    <Filter Include="Resource Files">
      <UniqueIdentifier>{67DA6AB6-F800-4c08-8B7A-83BB121AAD01}</UniqueIdentifier>
      <Extensions>rc;ico;cur;bmp;dlg;rc2;rct;bin;rgs;gif;jpg;jpeg;jpe;resx;tiff;tif;png;wav;mfcribbon-ms</Extensions>
    </Filter>
    <Filter Include="Shaders">
      <UniqueIdentifier>{898ac114-b0ee-4411-ba7c-6dba59f42f64}</UniqueIdentifier>
    </Filter>
    <Filter Include="Temporary">
      <UniqueIdentifier>{3b9a8441-a232-4cc8-9ae7-d55cb2535c28}</UniqueIdentifier>
    </Filter>
  </ItemGroup>
  <ItemGroup>
    <ClInclude Include="GraphicsEngine.pch.h">
      <Filter>Header Files</Filter>
    </ClInclude>
    <ClInclude Include="GraphicsEngine.h">
      <Filter>Header Files</Filter>
    </ClInclude>
    <ClInclude Include="InterOp\RHI.h">
      <Filter>Header Files</Filter>
    </ClInclude>
    <ClInclude Include="InterOp\Helpers.h">
      <Filter>Header Files</Filter>
    </ClInclude>
    <ClInclude Include="Rendering\Texture.h">
      <Filter>Header Files</Filter>
    </ClInclude>
    <ClInclude Include="Rendering\ConstantBuffer.h">
      <Filter>Header Files</Filter>
    </ClInclude>
    <ClInclude Include="InterOp\DDSTextureLoader11.h">
      <Filter>Header Files</Filter>
    </ClInclude>
    <ClInclude Include="Rendering\Vertex.h">
      <Filter>Header Files</Filter>
    </ClInclude>
    <ClInclude Include="Objects\Mesh.h">
      <Filter>Header Files</Filter>
    </ClInclude>
    <ClInclude Include="GraphicsCommand.h">
      <Filter>Header Files</Filter>
    </ClInclude>
    <ClInclude Include="GfxCmd_RenderMesh.h">
      <Filter>Header Files</Filter>
    </ClInclude>
    <ClInclude Include="Rendering\FrameBuffer.h">
      <Filter>Header Files</Filter>
    </ClInclude>
    <ClInclude Include="Rendering\GfxCmd_SetFrameBuffer.h">
      <Filter>Header Files</Filter>
    </ClInclude>
    <ClInclude Include="Rendering\ObjectBuffer.h">
      <Filter>Header Files</Filter>
    </ClInclude>
    <ClInclude Include="Objects\Animation.h">
      <Filter>Header Files</Filter>
    </ClInclude>
    <ClInclude Include="GfxCmd_SetTextureResource.h">
      <Filter>Header Files</Filter>
    </ClInclude>
    <ClInclude Include="Shaders\Shader.h">
      <Filter>Header Files</Filter>
    </ClInclude>
    <ClInclude Include="Shaders\ShaderInfo.h">
      <Filter>Header Files</Filter>
    </ClInclude>
    <ClInclude Include="Rendering\Material.h">
      <Filter>Header Files</Filter>
    </ClInclude>
    <ClInclude Include="Objects\Default_C.h">
      <Filter>Header Files</Filter>
    </ClInclude>
    <ClInclude Include="Objects\Default_N.h">
      <Filter>Header Files</Filter>
    </ClInclude>
    <ClInclude Include="Rendering\LightBuffer.h">
      <Filter>Header Files</Filter>
    </ClInclude>
    <ClInclude Include="Rendering\GfxCmd_SetLightBuffer.h">
      <Filter>Header Files</Filter>
    </ClInclude>
    <ClInclude Include="Rendering\GfxCmd_SetMaterialBuffer.h">
      <Filter>Header Files</Filter>
    </ClInclude>
    <ClInclude Include="GfxCmd_SetCubeMapResource.h">
      <Filter>Header Files</Filter>
    </ClInclude>
    <ClInclude Include="Objects\Default_M.h">
      <Filter>Header Files</Filter>
    </ClInclude>
    <ClInclude Include="InterOp\ShaderInfo.h">
      <Filter>Header Files</Filter>
    </ClInclude>
    <ClInclude Include="Rendering\GfxCmd_RenderMeshShadow.h">
      <Filter>Header Files</Filter>
    </ClInclude>
    <ClInclude Include="Rendering\GfxCmd_SetRenderTarget.h">
      <Filter>Header Files</Filter>
    </ClInclude>
    <ClInclude Include="Rendering\GfxCmd_ClearDepthStencil.h">
      <Filter>Header Files</Filter>
    </ClInclude>
    <ClInclude Include="Rendering\GBuffer.h">
      <Filter>Header Files</Filter>
    </ClInclude>
    <ClInclude Include="Rendering\GfxCmd_RenderDeferredDataPass.h">
      <Filter>Header Files</Filter>
    </ClInclude>
    <ClInclude Include="Rendering\GfxCmd_SetDeferredRenderTarget.h">
      <Filter>Header Files</Filter>
    </ClInclude>
    <ClInclude Include="Rendering\GfxCmd_SetDeferredTextureResources.h">
      <Filter>Header Files</Filter>
    </ClInclude>
    <ClInclude Include="Rendering\GfxCmd_EnvironmentLightPass.h">
      <Filter>Header Files</Filter>
    </ClInclude>
    <ClInclude Include="Rendering\GfxCmd_ChangeBlendState.h">
      <Filter>Header Files</Filter>
    </ClInclude>
    <ClInclude Include="Rendering\GfxCmd_PointLightPass.h">
      <Filter>Header Files</Filter>
    </ClInclude>
    <ClInclude Include="Objects\Default_FX.h">
      <Filter>Header Files</Filter>
    </ClInclude>
    <ClInclude Include="Rendering\GfxCmd_SpotLightPass.h">
      <Filter>Header Files</Filter>
    </ClInclude>
    <ClInclude Include="Rendering\PointLightBuffer.h">
      <Filter>Header Files</Filter>
    </ClInclude>
    <ClInclude Include="Rendering\GfxCmd_SetPointLightBuffer.h">
      <Filter>Header Files</Filter>
    </ClInclude>
    <ClInclude Include="Rendering\SpotLightBuffer.h">
      <Filter>Header Files</Filter>
    </ClInclude>
    <ClInclude Include="Rendering\GfxCmd_SetSpotLightBuffer.h">
      <Filter>Header Files</Filter>
    </ClInclude>
    <ClInclude Include="Rendering\GfxCmd_LuminencePass.h">
      <Filter>Header Files</Filter>
    </ClInclude>
    <ClInclude Include="Shaders\Include\brdfLUT_PS.h">
      <Filter>Header Files</Filter>
    </ClInclude>
    <ClInclude Include="Shaders\Include\brdfLUT_VS.h">
      <Filter>Header Files</Filter>
    </ClInclude>
    <ClInclude Include="Shaders\Include\Default_PS.h">
      <Filter>Header Files</Filter>
    </ClInclude>
    <ClInclude Include="Shaders\Include\Default_VS.h">
      <Filter>Header Files</Filter>
    </ClInclude>
    <ClInclude Include="Shaders\Include\DefaultMaterial_PS.h">
      <Filter>Header Files</Filter>
    </ClInclude>
    <ClInclude Include="Shaders\Include\DefaultMaterial_VS.h">
      <Filter>Header Files</Filter>
    </ClInclude>
    <ClInclude Include="Shaders\Include\EnvironmentPS.h">
      <Filter>Header Files</Filter>
    </ClInclude>
    <ClInclude Include="Shaders\Include\GBufferPS.h">
      <Filter>Header Files</Filter>
    </ClInclude>
    <ClInclude Include="Shaders\Include\PointLightPS.h">
      <Filter>Header Files</Filter>
    </ClInclude>
    <ClInclude Include="Shaders\Include\ScreenspaceQuad_VS.h">
      <Filter>Header Files</Filter>
    </ClInclude>
    <ClInclude Include="Shaders\Include\SpotLightPS.h">
      <Filter>Header Files</Filter>
    </ClInclude>
    <ClInclude Include="Rendering\GfxCmd_CopyPixelPass.h">
      <Filter>Header Files</Filter>
    </ClInclude>
    <ClInclude Include="Rendering\GfxCmd_GaussianBlurPass.h">
      <Filter>Header Files</Filter>
    </ClInclude>
    <ClInclude Include="Rendering\GfxCmd_UpsamplePass.h">
      <Filter>Header Files</Filter>
    </ClInclude>
    <ClInclude Include="Rendering\GfxCmd_BloomPass.h">
      <Filter>Header Files</Filter>
    </ClInclude>
    <ClInclude Include="Rendering\GfxCmd_GammaPass.h">
      <Filter>Header Files</Filter>
    </ClInclude>
    <ClInclude Include="Rendering\ParticleEmitterTemplate.h">
      <Filter>Header Files</Filter>
    </ClInclude>
    <ClInclude Include="Rendering\ParticleEmitter.h">
      <Filter>Header Files</Filter>
    </ClInclude>
    <ClInclude Include="Rendering\ParticleVertex.h">
      <Filter>Header Files</Filter>
    </ClInclude>
    <ClInclude Include="Rendering\ParticleSystemTemplate.h">
      <Filter>Header Files</Filter>
    </ClInclude>
    <ClInclude Include="Rendering\ParticleSystem.h">
      <Filter>Header Files</Filter>
    </ClInclude>
    <ClInclude Include="Rendering\GfxCmd_RenderParticles.h">
      <Filter>Header Files</Filter>
    </ClInclude>
    <ClInclude Include="Shaders\Include\ParticleGS.h">
      <Filter>Header Files</Filter>
    </ClInclude>
    <ClInclude Include="Shaders\Include\ParticlePS.h">
      <Filter>Header Files</Filter>
    </ClInclude>
    <ClInclude Include="Shaders\Include\ParticleVS.h">
      <Filter>Header Files</Filter>
    </ClInclude>
    <ClInclude Include="Rendering\GfxCmd_ChangeDepthStencilState.h">
      <Filter>Header Files</Filter>
    </ClInclude>
    <ClInclude Include="Rendering\GfxCmd_ToneMapPass.h">
      <Filter>Header Files</Filter>
    </ClInclude>
    <ClInclude Include="Rendering\GfxCmd_SSAODataPass.h">
      <Filter>Header Files</Filter>
    </ClInclude>
  </ItemGroup>
  <ItemGroup>
    <ClCompile Include="GraphicsEngine.pch.cpp">
      <Filter>Source Files</Filter>
    </ClCompile>
    <ClCompile Include="GraphicsEngine.cpp">
      <Filter>Source Files</Filter>
    </ClCompile>
    <ClCompile Include="InterOp\RHI.cpp">
      <Filter>Source Files</Filter>
    </ClCompile>
    <ClCompile Include="InterOp\Helpers.cpp">
      <Filter>Source Files</Filter>
    </ClCompile>
    <ClCompile Include="Rendering\Texture.cpp">
      <Filter>Source Files</Filter>
    </ClCompile>
    <ClCompile Include="Rendering\ConstantBuffer.cpp">
      <Filter>Source Files</Filter>
    </ClCompile>
    <ClCompile Include="InterOp\DDSTextureLoader11.cpp">
      <Filter>Source Files</Filter>
    </ClCompile>
    <ClCompile Include="Rendering\Vertex.cpp">
      <Filter>Source Files</Filter>
    </ClCompile>
    <ClCompile Include="Objects\Mesh.cpp">
      <Filter>Source Files</Filter>
    </ClCompile>
    <ClCompile Include="GfxCmd_RenderMesh.cpp">
      <Filter>Source Files</Filter>
    </ClCompile>
    <ClCompile Include="Rendering\GfxCmd_SetFrameBuffer.cpp">
      <Filter>Source Files</Filter>
    </ClCompile>
    <ClCompile Include="GraphicsCommand.cpp">
      <Filter>Source Files</Filter>
    </ClCompile>
    <ClCompile Include="Objects\Animation.cpp">
      <Filter>Source Files</Filter>
    </ClCompile>
    <ClCompile Include="GfxCmd_SetTextureResource.cpp">
      <Filter>Source Files</Filter>
    </ClCompile>
    <ClCompile Include="Shaders\Shader.cpp">
      <Filter>Source Files</Filter>
    </ClCompile>
    <ClCompile Include="Rendering\Material.cpp">
      <Filter>Source Files</Filter>
    </ClCompile>
    <ClCompile Include="Rendering\GfxCmd_SetLightBuffer.cpp">
      <Filter>Source Files</Filter>
    </ClCompile>
    <ClCompile Include="Rendering\GfxCmd_SetMaterialBuffer.cpp">
      <Filter>Source Files</Filter>
    </ClCompile>
    <ClCompile Include="GfxCmd_SetCubeMapResource.cpp">
      <Filter>Source Files</Filter>
    </ClCompile>
    <ClCompile Include="Rendering\GfxCmd_RenderMeshShadow.cpp">
      <Filter>Source Files</Filter>
    </ClCompile>
    <ClCompile Include="Rendering\GfxCmd_SetRenderTarget.cpp">
      <Filter>Source Files</Filter>
    </ClCompile>
    <ClCompile Include="Rendering\GfxCmd_ClearDepthStencil.cpp">
      <Filter>Source Files</Filter>
    </ClCompile>
    <ClCompile Include="Rendering\GfxCmd_RenderDeferredDataPass.cpp">
      <Filter>Source Files</Filter>
    </ClCompile>
    <ClCompile Include="Rendering\GfxCmd_SetDeferredRenderTarget.cpp">
      <Filter>Source Files</Filter>
    </ClCompile>
    <ClCompile Include="Rendering\GfxCmd_SetDeferredTextureResources.cpp">
      <Filter>Source Files</Filter>
    </ClCompile>
    <ClCompile Include="Rendering\GfxCmd_EnvironmentLightPass.cpp">
      <Filter>Source Files</Filter>
    </ClCompile>
    <ClCompile Include="Rendering\GfxCmd_ChangeBlendState.cpp">
      <Filter>Source Files</Filter>
    </ClCompile>
    <ClCompile Include="Rendering\GfxCmd_PointLightPass.cpp">
      <Filter>Source Files</Filter>
    </ClCompile>
    <ClCompile Include="Rendering\GfxCmd_SpotLightPass.cpp">
      <Filter>Source Files</Filter>
    </ClCompile>
    <ClCompile Include="Rendering\GfxCmd_SetPointLightBuffer.cpp">
      <Filter>Source Files</Filter>
    </ClCompile>
    <ClCompile Include="Rendering\GfxCmd_SetSpotLightBuffer.cpp">
      <Filter>Source Files</Filter>
    </ClCompile>
    <ClCompile Include="Rendering\GfxCmd_LuminencePass.cpp">
      <Filter>Source Files</Filter>
    </ClCompile>
    <ClCompile Include="Rendering\GfxCmd_CopyPixelPass.cpp">
      <Filter>Source Files</Filter>
    </ClCompile>
    <ClCompile Include="Rendering\GfxCmd_GaussianBlurPass.cpp">
      <Filter>Source Files</Filter>
    </ClCompile>
    <ClCompile Include="Rendering\GfxCmd_UpsamplePass.cpp">
      <Filter>Source Files</Filter>
    </ClCompile>
    <ClCompile Include="Rendering\GfxCmd_BloomPass.cpp">
      <Filter>Source Files</Filter>
    </ClCompile>
    <ClCompile Include="Rendering\GfxCmd_GammaPass.cpp">
      <Filter>Source Files</Filter>
    </ClCompile>
    <ClCompile Include="Rendering\ParticleEmitter.cpp">
      <Filter>Source Files</Filter>
    </ClCompile>
    <ClCompile Include="Rendering\ParticleSystem.cpp">
      <Filter>Source Files</Filter>
    </ClCompile>
    <ClCompile Include="Rendering\ParticleVertex.cpp">
      <Filter>Source Files</Filter>
    </ClCompile>
    <ClCompile Include="Rendering\GfxCmd_RenderParticles.cpp">
      <Filter>Source Files</Filter>
    </ClCompile>
    <ClCompile Include="Rendering\GfxCmd_ChangeDepthStencilState.cpp">
      <Filter>Source Files</Filter>
    </ClCompile>
    <ClCompile Include="Rendering\GfxCmd_ToneMapPass.cpp">
      <Filter>Source Files</Filter>
    </ClCompile>
    <ClCompile Include="Rendering\GfxCmd_SSAODataPass.cpp">
      <Filter>Source Files</Filter>
    </ClCompile>
  </ItemGroup>
  <ItemGroup>
    <None Include="Shaders\ConstantBuffers\FrameBuffer.hlsli" />
    <None Include="Shaders\ConstantBuffers\DefaultShaderStructs.hlsli" />
    <None Include="Shaders\ConstantBuffers\ObjectBuffer.hlsli" />
    <None Include="Shaders\ConstantBuffers\DefaultMaterialInclude.hlsli" />
    <None Include="Shaders\ConstantBuffers\DefaultVertexInput.hlsli" />
    <None Include="Shaders\ConstantBuffers\LightBuffer.hlsli" />
    <None Include="Shaders\ConstantBuffers\IBLBRDF.hlsli" />
    <None Include="Shaders\ConstantBuffers\brdfLUTInclude.hlsli" />
    <None Include="Shaders\ConstantBuffers\ScreenSpaceQuadInclude.hlsli" />
    <None Include="Shaders\ConstantBuffers\DeferredMaterialInclude.hlsli" />
    <None Include="Shaders\ConstantBuffers\PointLightBuffer.hlsli" />
    <None Include="Shaders\ConstantBuffers\SpotLightBuffer.hlsli" />
    <None Include="Shaders\ConstantBuffers\PostProcessInclude.hlsli" />
    <None Include="Shaders\ConstantBuffers\ParticleShaderInclude.hlsli" />
    <None Include="Shaders\ConstantBuffers\Tonemaps.hlsli" />
    <None Include="Shaders\ConstantBuffers\SamplerInclude.hlsli" />
  </ItemGroup>
  <ItemGroup>
    <FxCompile Include="Shaders\ConstantBuffers\DefaultMaterial_VS.hlsl" />
    <FxCompile Include="Shaders\ConstantBuffers\DefaultMaterial_PS.hlsl" />
    <FxCompile Include="Shaders\ConstantBuffers\brdfLUT_VS.hlsl" />
    <FxCompile Include="Shaders\ConstantBuffers\brdfLUT_PS.hlsl" />
    <FxCompile Include="Shaders\ConstantBuffers\GBufferPS.hlsl" />
    <FxCompile Include="Shaders\ConstantBuffers\ScreenspaceQuad_VS.hlsl" />
    <FxCompile Include="Shaders\ConstantBuffers\EnvironmentPS.hlsl" />
    <FxCompile Include="Shaders\ConstantBuffers\PointLightPS.hlsl" />
    <FxCompile Include="Shaders\ConstantBuffers\SpotLightPS.hlsl" />
    <FxCompile Include="Shaders\ConstantBuffers\LuminencePS.hlsl" />
    <FxCompile Include="Shaders\ConstantBuffers\CopyPS.hlsl" />
    <FxCompile Include="Shaders\ConstantBuffers\GaussianBlurPS.hlsl" />
    <FxCompile Include="Shaders\ConstantBuffers\UpsamplingPS.hlsl" />
    <FxCompile Include="Shaders\ConstantBuffers\BloomPS.hlsl" />
    <FxCompile Include="Shaders\ConstantBuffers\GammaPS.hlsl" />
    <FxCompile Include="Shaders\ConstantBuffers\ParticleVS.hlsl" />
    <FxCompile Include="Shaders\ConstantBuffers\ParticleGS.hlsl" />
    <FxCompile Include="Shaders\ConstantBuffers\ParticlePS.hlsl" />
    <FxCompile Include="Shaders\ConstantBuffers\ToneMapPS.hlsl" />
    <FxCompile Include="Shaders\ConstantBuffers\SSAO.hlsl" />
  </ItemGroup>
</Project>